
Microsoft Visual Studio Solution File, Format Version 12.00
# Visual Studio Version 17
VisualStudioVersion = 17.3.32922.545
MinimumVisualStudioVersion = 10.0.40219.1
Project("{2150E333-8FDC-42A3-9474-1A3956D46DE8}") = "Solution Items", "Solution Items", "{83DD2FE0-ADF8-4EE9-BFBD-7AD474555F29}"
EndProject
Project("{2150E333-8FDC-42A3-9474-1A3956D46DE8}") = "src", "src", "{F25BB8E5-E123-4E7B-93EA-161B44EE2610}"
EndProject
Project("{2150E333-8FDC-42A3-9474-1A3956D46DE8}") = "tests", "tests", "{BA70B585-18DD-466C-A37B-368CF6617AC6}"
EndProject
Project("{2150E333-8FDC-42A3-9474-1A3956D46DE8}") = "Services", "Services", "{B7C6E5D3-CD83-4EDC-821C-08EAB3B5805B}"
EndProject
Project("{FAE04EC0-301F-11D3-BF4B-00C04F79EFBC}") = "GK.PhoneBook.Domain", "src\Services\GK.PhoneBook.Domain\GK.PhoneBook.Domain.csproj", "{199BCDEF-230A-4C78-80D3-98BFE12DD7AF}"
EndProject
Project("{FAE04EC0-301F-11D3-BF4B-00C04F79EFBC}") = "GK.PhoneBook.Infrastructure", "src\Services\GK.PhoneBook.Infrastructure\GK.PhoneBook.Infrastructure.csproj", "{4150E183-B5FE-4C02-B811-FD313C3B89FC}"
EndProject
Project("{FAE04EC0-301F-11D3-BF4B-00C04F79EFBC}") = "GK.PhoneBook.Application", "src\Services\GK.PhoneBook.Application\GK.PhoneBook.Application.csproj", "{6F0AE76B-2360-4C02-8415-6092C3E1E96C}"
EndProject
Project("{FAE04EC0-301F-11D3-BF4B-00C04F79EFBC}") = "GK.PhoneBook.API", "src\Services\GK.PhoneBook.API\GK.PhoneBook.API.csproj", "{A057B726-ECC2-485D-BF4E-6367BE1FC4FE}"
EndProject
Global
	GlobalSection(SolutionConfigurationPlatforms) = preSolution
		Debug|Any CPU = Debug|Any CPU
		Release|Any CPU = Release|Any CPU
	EndGlobalSection
	GlobalSection(ProjectConfigurationPlatforms) = postSolution
		{199BCDEF-230A-4C78-80D3-98BFE12DD7AF}.Debug|Any CPU.ActiveCfg = Debug|Any CPU
		{199BCDEF-230A-4C78-80D3-98BFE12DD7AF}.Debug|Any CPU.Build.0 = Debug|Any CPU
		{199BCDEF-230A-4C78-80D3-98BFE12DD7AF}.Release|Any CPU.ActiveCfg = Release|Any CPU
		{199BCDEF-230A-4C78-80D3-98BFE12DD7AF}.Release|Any CPU.Build.0 = Release|Any CPU
		{4150E183-B5FE-4C02-B811-FD313C3B89FC}.Debug|Any CPU.ActiveCfg = Debug|Any CPU
		{4150E183-B5FE-4C02-B811-FD313C3B89FC}.Debug|Any CPU.Build.0 = Debug|Any CPU
		{4150E183-B5FE-4C02-B811-FD313C3B89FC}.Release|Any CPU.ActiveCfg = Release|Any CPU
		{4150E183-B5FE-4C02-B811-FD313C3B89FC}.Release|Any CPU.Build.0 = Release|Any CPU
		{6F0AE76B-2360-4C02-8415-6092C3E1E96C}.Debug|Any CPU.ActiveCfg = Debug|Any CPU
		{6F0AE76B-2360-4C02-8415-6092C3E1E96C}.Debug|Any CPU.Build.0 = Debug|Any CPU
		{6F0AE76B-2360-4C02-8415-6092C3E1E96C}.Release|Any CPU.ActiveCfg = Release|Any CPU
		{6F0AE76B-2360-4C02-8415-6092C3E1E96C}.Release|Any CPU.Build.0 = Release|Any CPU
		{A057B726-ECC2-485D-BF4E-6367BE1FC4FE}.Debug|Any CPU.ActiveCfg = Debug|Any CPU
		{A057B726-ECC2-485D-BF4E-6367BE1FC4FE}.Debug|Any CPU.Build.0 = Debug|Any CPU
		{A057B726-ECC2-485D-BF4E-6367BE1FC4FE}.Release|Any CPU.ActiveCfg = Release|Any CPU
		{A057B726-ECC2-485D-BF4E-6367BE1FC4FE}.Release|Any CPU.Build.0 = Release|Any CPU
	EndGlobalSection
	GlobalSection(SolutionProperties) = preSolution
		HideSolutionNode = FALSE
	EndGlobalSection
	GlobalSection(NestedProjects) = preSolution
		{B7C6E5D3-CD83-4EDC-821C-08EAB3B5805B} = {F25BB8E5-E123-4E7B-93EA-161B44EE2610}
		{199BCDEF-230A-4C78-80D3-98BFE12DD7AF} = {B7C6E5D3-CD83-4EDC-821C-08EAB3B5805B}
		{4150E183-B5FE-4C02-B811-FD313C3B89FC} = {B7C6E5D3-CD83-4EDC-821C-08EAB3B5805B}
		{6F0AE76B-2360-4C02-8415-6092C3E1E96C} = {B7C6E5D3-CD83-4EDC-821C-08EAB3B5805B}
		{A057B726-ECC2-485D-BF4E-6367BE1FC4FE} = {B7C6E5D3-CD83-4EDC-821C-08EAB3B5805B}
	EndGlobalSection
	GlobalSection(ExtensibilityGlobals) = postSolution
		SolutionGuid = {E6279C97-2CE4-4578-9202-1EC8C6440287}
	EndGlobalSection
EndGlobal
